
Microsoft Visual Studio Solution File, Format Version 12.00
# Visual Studio 15
VisualStudioVersion = 15.0.26430.15
MinimumVisualStudioVersion = 10.0.40219.1
Project("{FAE04EC0-301F-11D3-BF4B-00C04F79EFBC}") = "HalloWPF", "HalloWPF\HalloWPF.csproj", "{CF9D97AE-AC49-4C12-95F8-A64A65C0B7B0}"
EndProject
Project("{FAE04EC0-301F-11D3-BF4B-00C04F79EFBC}") = "LayoutContainerUebung", "LayoutContainerUebung\LayoutContainerUebung.csproj", "{583BBBDE-94D2-4E5B-9178-09996C1587ED}"
EndProject
Project("{FAE04EC0-301F-11D3-BF4B-00C04F79EFBC}") = "Controls", "Controls\Controls.csproj", "{C7A95B5D-377F-4281-A1FC-26F0FC5E8453}"
EndProject
Project("{FAE04EC0-301F-11D3-BF4B-00C04F79EFBC}") = "Resources", "Resources\Resources.csproj", "{D6A862F3-83C6-4376-BCCE-6113161432AE}"
EndProject
Project("{FAE04EC0-301F-11D3-BF4B-00C04F79EFBC}") = "Resources.Shared", "Resources.Shared\Resources.Shared.csproj", "{C8CFB066-9C74-41CD-85C5-685463790D3F}"
EndProject
Project("{FAE04EC0-301F-11D3-BF4B-00C04F79EFBC}") = "Styles", "Styles\Styles.csproj", "{7A4E9F51-C0A2-47A8-AB36-9A21E2324CB1}"
EndProject
Project("{FAE04EC0-301F-11D3-BF4B-00C04F79EFBC}") = "Templates", "Templates\Templates.csproj", "{06FEF852-BF8F-45A3-B7B8-6A4D0A28ACC6}"
EndProject
Project("{FAE04EC0-301F-11D3-BF4B-00C04F79EFBC}") = "Binding", "Binding\Binding.csproj", "{C521BB65-9BB8-4067-8EF0-108B938E774F}"
EndProject
Project("{FAE04EC0-301F-11D3-BF4B-00C04F79EFBC}") = "RelativeSourceSelf", "RelativeSourceSelf\RelativeSourceSelf.csproj", "{53FD3F97-4D3A-4B36-AF9C-2C50C9FF6D3B}"
EndProject
Project("{FAE04EC0-301F-11D3-BF4B-00C04F79EFBC}") = "RelativeSourceFindAncestor", "RelativeSourceFindAncestor\RelativeSourceFindAncestor.csproj", "{00791432-F2A8-445E-8535-D535101EE97B}"
EndProject
Global
	GlobalSection(SolutionConfigurationPlatforms) = preSolution
		Debug|Any CPU = Debug|Any CPU
		Release|Any CPU = Release|Any CPU
	EndGlobalSection
	GlobalSection(ProjectConfigurationPlatforms) = postSolution
		{CF9D97AE-AC49-4C12-95F8-A64A65C0B7B0}.Debug|Any CPU.ActiveCfg = Debug|Any CPU
		{CF9D97AE-AC49-4C12-95F8-A64A65C0B7B0}.Debug|Any CPU.Build.0 = Debug|Any CPU
		{CF9D97AE-AC49-4C12-95F8-A64A65C0B7B0}.Release|Any CPU.ActiveCfg = Release|Any CPU
		{CF9D97AE-AC49-4C12-95F8-A64A65C0B7B0}.Release|Any CPU.Build.0 = Release|Any CPU
		{583BBBDE-94D2-4E5B-9178-09996C1587ED}.Debug|Any CPU.ActiveCfg = Debug|Any CPU
		{583BBBDE-94D2-4E5B-9178-09996C1587ED}.Debug|Any CPU.Build.0 = Debug|Any CPU
		{583BBBDE-94D2-4E5B-9178-09996C1587ED}.Release|Any CPU.ActiveCfg = Release|Any CPU
		{583BBBDE-94D2-4E5B-9178-09996C1587ED}.Release|Any CPU.Build.0 = Release|Any CPU
		{C7A95B5D-377F-4281-A1FC-26F0FC5E8453}.Debug|Any CPU.ActiveCfg = Debug|Any CPU
		{C7A95B5D-377F-4281-A1FC-26F0FC5E8453}.Debug|Any CPU.Build.0 = Debug|Any CPU
		{C7A95B5D-377F-4281-A1FC-26F0FC5E8453}.Release|Any CPU.ActiveCfg = Release|Any CPU
		{C7A95B5D-377F-4281-A1FC-26F0FC5E8453}.Release|Any CPU.Build.0 = Release|Any CPU
		{D6A862F3-83C6-4376-BCCE-6113161432AE}.Debug|Any CPU.ActiveCfg = Debug|Any CPU
		{D6A862F3-83C6-4376-BCCE-6113161432AE}.Debug|Any CPU.Build.0 = Debug|Any CPU
		{D6A862F3-83C6-4376-BCCE-6113161432AE}.Release|Any CPU.ActiveCfg = Release|Any CPU
		{D6A862F3-83C6-4376-BCCE-6113161432AE}.Release|Any CPU.Build.0 = Release|Any CPU
		{C8CFB066-9C74-41CD-85C5-685463790D3F}.Debug|Any CPU.ActiveCfg = Debug|Any CPU
		{C8CFB066-9C74-41CD-85C5-685463790D3F}.Debug|Any CPU.Build.0 = Debug|Any CPU
		{C8CFB066-9C74-41CD-85C5-685463790D3F}.Release|Any CPU.ActiveCfg = Release|Any CPU
		{C8CFB066-9C74-41CD-85C5-685463790D3F}.Release|Any CPU.Build.0 = Release|Any CPU
		{7A4E9F51-C0A2-47A8-AB36-9A21E2324CB1}.Debug|Any CPU.ActiveCfg = Debug|Any CPU
		{7A4E9F51-C0A2-47A8-AB36-9A21E2324CB1}.Debug|Any CPU.Build.0 = Debug|Any CPU
		{7A4E9F51-C0A2-47A8-AB36-9A21E2324CB1}.Release|Any CPU.ActiveCfg = Release|Any CPU
		{7A4E9F51-C0A2-47A8-AB36-9A21E2324CB1}.Release|Any CPU.Build.0 = Release|Any CPU
		{06FEF852-BF8F-45A3-B7B8-6A4D0A28ACC6}.Debug|Any CPU.ActiveCfg = Debug|Any CPU
		{06FEF852-BF8F-45A3-B7B8-6A4D0A28ACC6}.Debug|Any CPU.Build.0 = Debug|Any CPU
		{06FEF852-BF8F-45A3-B7B8-6A4D0A28ACC6}.Release|Any CPU.ActiveCfg = Release|Any CPU
		{06FEF852-BF8F-45A3-B7B8-6A4D0A28ACC6}.Release|Any CPU.Build.0 = Release|Any CPU
		{C521BB65-9BB8-4067-8EF0-108B938E774F}.Debug|Any CPU.ActiveCfg = Debug|Any CPU
		{C521BB65-9BB8-4067-8EF0-108B938E774F}.Debug|Any CPU.Build.0 = Debug|Any CPU
		{C521BB65-9BB8-4067-8EF0-108B938E774F}.Release|Any CPU.ActiveCfg = Release|Any CPU
		{C521BB65-9BB8-4067-8EF0-108B938E774F}.Release|Any CPU.Build.0 = Release|Any CPU
		{53FD3F97-4D3A-4B36-AF9C-2C50C9FF6D3B}.Debug|Any CPU.ActiveCfg = Debug|Any CPU
		{53FD3F97-4D3A-4B36-AF9C-2C50C9FF6D3B}.Debug|Any CPU.Build.0 = Debug|Any CPU
		{53FD3F97-4D3A-4B36-AF9C-2C50C9FF6D3B}.Release|Any CPU.ActiveCfg = Release|Any CPU
		{53FD3F97-4D3A-4B36-AF9C-2C50C9FF6D3B}.Release|Any CPU.Build.0 = Release|Any CPU
		{00791432-F2A8-445E-8535-D535101EE97B}.Debug|Any CPU.ActiveCfg = Debug|Any CPU
		{00791432-F2A8-445E-8535-D535101EE97B}.Debug|Any CPU.Build.0 = Debug|Any CPU
		{00791432-F2A8-445E-8535-D535101EE97B}.Release|Any CPU.ActiveCfg = Release|Any CPU
		{00791432-F2A8-445E-8535-D535101EE97B}.Release|Any CPU.Build.0 = Release|Any CPU
	EndGlobalSection
	GlobalSection(SolutionProperties) = preSolution
		HideSolutionNode = FALSE
	EndGlobalSection
EndGlobal
